
Microsoft Visual Studio Solution File, Format Version 12.00
# Visual Studio 15
VisualStudioVersion = 15.0.27428.2015
MinimumVisualStudioVersion = 10.0.40219.1
Project("{FAE04EC0-301F-11D3-BF4B-00C04F79EFBC}") = "archives", "archives\archives.csproj", "{63E486BB-1645-4194-B0F5-CDDEA91CC1E2}"
EndProject
Project("{FAE04EC0-301F-11D3-BF4B-00C04F79EFBC}") = "1", "1\1.csproj", "{BB3691F6-B338-4B9B-B13E-F31C4FDA4F16}"
EndProject
Project("{FAE04EC0-301F-11D3-BF4B-00C04F79EFBC}") = "2", "2\2.csproj", "{FCC44375-5CF9-49AF-B6BC-1FA2CE710FAE}"
EndProject
Project("{FAE04EC0-301F-11D3-BF4B-00C04F79EFBC}") = "3", "3\3.csproj", "{1552558D-38CC-48BA-A89C-40A74B6826CC}"
EndProject
Project("{FAE04EC0-301F-11D3-BF4B-00C04F79EFBC}") = "4", "4\4.csproj", "{79D53C2B-AF29-4DBE-B8CE-A97969666C14}"
EndProject
Project("{FAE04EC0-301F-11D3-BF4B-00C04F79EFBC}") = "5", "5\5.csproj", "{39FCAD7E-1D05-4C0D-AD4D-C36448018D97}"
EndProject
Project("{FAE04EC0-301F-11D3-BF4B-00C04F79EFBC}") = "6", "6\6.csproj", "{75F322B3-2CFF-4C2A-8393-5ABC884F8EAB}"
EndProject
Project("{FAE04EC0-301F-11D3-BF4B-00C04F79EFBC}") = "7", "7\7.csproj", "{F4B70D44-54FD-438B-9914-1FAA1C5B7D25}"
EndProject
Project("{FAE04EC0-301F-11D3-BF4B-00C04F79EFBC}") = "8", "8\8.csproj", "{A8CA1400-9329-4B49-8412-3B84A8347E45}"
EndProject
Project("{FAE04EC0-301F-11D3-BF4B-00C04F79EFBC}") = "9", "9\9.csproj", "{87890892-E5B1-40CF-AC62-9235FCB2A665}"
EndProject
Project("{FAE04EC0-301F-11D3-BF4B-00C04F79EFBC}") = "10", "10\10.csproj", "{56464DE2-6E37-4AAA-8771-82EF6EB9E647}"
EndProject
Project("{FAE04EC0-301F-11D3-BF4B-00C04F79EFBC}") = "11", "11\11.csproj", "{EADDDB16-87F5-4010-8A5E-42A80921056C}"
EndProject
Global
	GlobalSection(SolutionConfigurationPlatforms) = preSolution
		Debug|Any CPU = Debug|Any CPU
		Release|Any CPU = Release|Any CPU
	EndGlobalSection
	GlobalSection(ProjectConfigurationPlatforms) = postSolution
		{63E486BB-1645-4194-B0F5-CDDEA91CC1E2}.Debug|Any CPU.ActiveCfg = Debug|Any CPU
		{63E486BB-1645-4194-B0F5-CDDEA91CC1E2}.Debug|Any CPU.Build.0 = Debug|Any CPU
		{63E486BB-1645-4194-B0F5-CDDEA91CC1E2}.Release|Any CPU.ActiveCfg = Release|Any CPU
		{63E486BB-1645-4194-B0F5-CDDEA91CC1E2}.Release|Any CPU.Build.0 = Release|Any CPU
		{BB3691F6-B338-4B9B-B13E-F31C4FDA4F16}.Debug|Any CPU.ActiveCfg = Debug|Any CPU
		{BB3691F6-B338-4B9B-B13E-F31C4FDA4F16}.Debug|Any CPU.Build.0 = Debug|Any CPU
		{BB3691F6-B338-4B9B-B13E-F31C4FDA4F16}.Release|Any CPU.ActiveCfg = Release|Any CPU
		{BB3691F6-B338-4B9B-B13E-F31C4FDA4F16}.Release|Any CPU.Build.0 = Release|Any CPU
		{FCC44375-5CF9-49AF-B6BC-1FA2CE710FAE}.Debug|Any CPU.ActiveCfg = Debug|Any CPU
		{FCC44375-5CF9-49AF-B6BC-1FA2CE710FAE}.Debug|Any CPU.Build.0 = Debug|Any CPU
		{FCC44375-5CF9-49AF-B6BC-1FA2CE710FAE}.Release|Any CPU.ActiveCfg = Release|Any CPU
		{FCC44375-5CF9-49AF-B6BC-1FA2CE710FAE}.Release|Any CPU.Build.0 = Release|Any CPU
		{1552558D-38CC-48BA-A89C-40A74B6826CC}.Debug|Any CPU.ActiveCfg = Debug|Any CPU
		{1552558D-38CC-48BA-A89C-40A74B6826CC}.Debug|Any CPU.Build.0 = Debug|Any CPU
		{1552558D-38CC-48BA-A89C-40A74B6826CC}.Release|Any CPU.ActiveCfg = Release|Any CPU
		{1552558D-38CC-48BA-A89C-40A74B6826CC}.Release|Any CPU.Build.0 = Release|Any CPU
		{79D53C2B-AF29-4DBE-B8CE-A97969666C14}.Debug|Any CPU.ActiveCfg = Debug|Any CPU
		{79D53C2B-AF29-4DBE-B8CE-A97969666C14}.Debug|Any CPU.Build.0 = Debug|Any CPU
		{79D53C2B-AF29-4DBE-B8CE-A97969666C14}.Release|Any CPU.ActiveCfg = Release|Any CPU
		{79D53C2B-AF29-4DBE-B8CE-A97969666C14}.Release|Any CPU.Build.0 = Release|Any CPU
		{39FCAD7E-1D05-4C0D-AD4D-C36448018D97}.Debug|Any CPU.ActiveCfg = Debug|Any CPU
		{39FCAD7E-1D05-4C0D-AD4D-C36448018D97}.Debug|Any CPU.Build.0 = Debug|Any CPU
		{39FCAD7E-1D05-4C0D-AD4D-C36448018D97}.Release|Any CPU.ActiveCfg = Release|Any CPU
		{39FCAD7E-1D05-4C0D-AD4D-C36448018D97}.Release|Any CPU.Build.0 = Release|Any CPU
		{75F322B3-2CFF-4C2A-8393-5ABC884F8EAB}.Debug|Any CPU.ActiveCfg = Debug|Any CPU
		{75F322B3-2CFF-4C2A-8393-5ABC884F8EAB}.Debug|Any CPU.Build.0 = Debug|Any CPU
		{75F322B3-2CFF-4C2A-8393-5ABC884F8EAB}.Release|Any CPU.ActiveCfg = Release|Any CPU
		{75F322B3-2CFF-4C2A-8393-5ABC884F8EAB}.Release|Any CPU.Build.0 = Release|Any CPU
		{F4B70D44-54FD-438B-9914-1FAA1C5B7D25}.Debug|Any CPU.ActiveCfg = Debug|Any CPU
		{F4B70D44-54FD-438B-9914-1FAA1C5B7D25}.Debug|Any CPU.Build.0 = Debug|Any CPU
		{F4B70D44-54FD-438B-9914-1FAA1C5B7D25}.Release|Any CPU.ActiveCfg = Release|Any CPU
		{F4B70D44-54FD-438B-9914-1FAA1C5B7D25}.Release|Any CPU.Build.0 = Release|Any CPU
		{A8CA1400-9329-4B49-8412-3B84A8347E45}.Debug|Any CPU.ActiveCfg = Debug|Any CPU
		{A8CA1400-9329-4B49-8412-3B84A8347E45}.Debug|Any CPU.Build.0 = Debug|Any CPU
		{A8CA1400-9329-4B49-8412-3B84A8347E45}.Release|Any CPU.ActiveCfg = Release|Any CPU
		{A8CA1400-9329-4B49-8412-3B84A8347E45}.Release|Any CPU.Build.0 = Release|Any CPU
		{87890892-E5B1-40CF-AC62-9235FCB2A665}.Debug|Any CPU.ActiveCfg = Debug|Any CPU
		{87890892-E5B1-40CF-AC62-9235FCB2A665}.Debug|Any CPU.Build.0 = Debug|Any CPU
		{87890892-E5B1-40CF-AC62-9235FCB2A665}.Release|Any CPU.ActiveCfg = Release|Any CPU
		{87890892-E5B1-40CF-AC62-9235FCB2A665}.Release|Any CPU.Build.0 = Release|Any CPU
		{56464DE2-6E37-4AAA-8771-82EF6EB9E647}.Debug|Any CPU.ActiveCfg = Debug|Any CPU
		{56464DE2-6E37-4AAA-8771-82EF6EB9E647}.Debug|Any CPU.Build.0 = Debug|Any CPU
		{56464DE2-6E37-4AAA-8771-82EF6EB9E647}.Release|Any CPU.ActiveCfg = Release|Any CPU
		{56464DE2-6E37-4AAA-8771-82EF6EB9E647}.Release|Any CPU.Build.0 = Release|Any CPU
		{EADDDB16-87F5-4010-8A5E-42A80921056C}.Debug|Any CPU.ActiveCfg = Debug|Any CPU
		{EADDDB16-87F5-4010-8A5E-42A80921056C}.Debug|Any CPU.Build.0 = Debug|Any CPU
		{EADDDB16-87F5-4010-8A5E-42A80921056C}.Release|Any CPU.ActiveCfg = Release|Any CPU
		{EADDDB16-87F5-4010-8A5E-42A80921056C}.Release|Any CPU.Build.0 = Release|Any CPU
	EndGlobalSection
	GlobalSection(SolutionProperties) = preSolution
		HideSolutionNode = FALSE
	EndGlobalSection
	GlobalSection(ExtensibilityGlobals) = postSolution
		SolutionGuid = {20361994-A8AE-47BC-8C3C-4A24B4542519}
	EndGlobalSection
EndGlobal
